
Microsoft Visual Studio Solution File, Format Version 12.00
# Visual Studio Version 16
VisualStudioVersion = 16.0.30804.86
MinimumVisualStudioVersion = 10.0.40219.1
Project("{FAE04EC0-301F-11D3-BF4B-00C04F79EFBC}") = "CoreandFood", "CoreandFood\CoreandFood.csproj", "{07FE9F2D-81D7-48DF-9D32-AD5C03C8CB9F}"
EndProject
Global
	GlobalSection(SolutionConfigurationPlatforms) = preSolution
		Debug|Any CPU = Debug|Any CPU
		Release|Any CPU = Release|Any CPU
	EndGlobalSection
	GlobalSection(ProjectConfigurationPlatforms) = postSolution
		{07FE9F2D-81D7-48DF-9D32-AD5C03C8CB9F}.Debug|Any CPU.ActiveCfg = Debug|Any CPU
		{07FE9F2D-81D7-48DF-9D32-AD5C03C8CB9F}.Debug|Any CPU.Build.0 = Debug|Any CPU
		{07FE9F2D-81D7-48DF-9D32-AD5C03C8CB9F}.Release|Any CPU.ActiveCfg = Release|Any CPU
		{07FE9F2D-81D7-48DF-9D32-AD5C03C8CB9F}.Release|Any CPU.Build.0 = Release|Any CPU
	EndGlobalSection
	GlobalSection(SolutionProperties) = preSolution
		HideSolutionNode = FALSE
	EndGlobalSection
	GlobalSection(ExtensibilityGlobals) = postSolution
		SolutionGuid = {004CD017-BA14-4F05-B095-CD354E7B73E8}
	EndGlobalSection
EndGlobal
